
Microsoft Visual Studio Solution File, Format Version 12.00
# Visual Studio 15
VisualStudioVersion = 15.0.28307.489
MinimumVisualStudioVersion = 10.0.40219.1
Project("{FAE04EC0-301F-11D3-BF4B-00C04F79EFBC}") = "QuotesApp", "QuotesApp\QuotesApp.csproj", "{F72E18BA-6E14-47A8-B254-01E4FB196F34}"
EndProject
Global
	GlobalSection(SolutionConfigurationPlatforms) = preSolution
		Debug|Any CPU = Debug|Any CPU
		Release|Any CPU = Release|Any CPU
	EndGlobalSection
	GlobalSection(ProjectConfigurationPlatforms) = postSolution
		{F72E18BA-6E14-47A8-B254-01E4FB196F34}.Debug|Any CPU.ActiveCfg = Debug|Any CPU
		{F72E18BA-6E14-47A8-B254-01E4FB196F34}.Debug|Any CPU.Build.0 = Debug|Any CPU
		{F72E18BA-6E14-47A8-B254-01E4FB196F34}.Release|Any CPU.ActiveCfg = Release|Any CPU
		{F72E18BA-6E14-47A8-B254-01E4FB196F34}.Release|Any CPU.Build.0 = Release|Any CPU
	EndGlobalSection
	GlobalSection(SolutionProperties) = preSolution
		HideSolutionNode = FALSE
	EndGlobalSection
	GlobalSection(ExtensibilityGlobals) = postSolution
		SolutionGuid = {C2A1FBD7-ABF4-4E50-92C2-C0134A73F593}
	EndGlobalSection
EndGlobal
